// !$*UTF8*$!
{
	archiveVersion = 1;
	classes = {
	};
	objectVersion = 50;
	objects = {

/* Begin PBXBuildFile section */
		06FCC9BB0FC4FD9CEA603047 /* Pods_MercadoLibreTest.framework in Frameworks */ = {isa = PBXBuildFile; fileRef = 4A69599F5956419DAA467D54 /* Pods_MercadoLibreTest.framework */; };
		4C31B19A220F8F0D00D58FE3 /* LoaderButton.swift in Sources */ = {isa = PBXBuildFile; fileRef = 4C31B199220F8F0D00D58FE3 /* LoaderButton.swift */; };
		4C31B19C220F90FC00D58FE3 /* UIViewControllerExtensions.swift in Sources */ = {isa = PBXBuildFile; fileRef = 4C31B19B220F90FC00D58FE3 /* UIViewControllerExtensions.swift */; };
		4C31B19F220F94DF00D58FE3 /* SetPaymentCardViewController.swift in Sources */ = {isa = PBXBuildFile; fileRef = 4C31B19E220F94DF00D58FE3 /* SetPaymentCardViewController.swift */; };
		4C31B1A1220F956000D58FE3 /* SetPaymentCardViewModel.swift in Sources */ = {isa = PBXBuildFile; fileRef = 4C31B1A0220F956000D58FE3 /* SetPaymentCardViewModel.swift */; };
		4C31B1A7220FA7A700D58FE3 /* Reachability.m in Sources */ = {isa = PBXBuildFile; fileRef = 4C31B1A6220FA7A700D58FE3 /* Reachability.m */; };
		4C31B1A9220FA7BF00D58FE3 /* InternetConnection.swift in Sources */ = {isa = PBXBuildFile; fileRef = 4C31B1A8220FA7BF00D58FE3 /* InternetConnection.swift */; };
		4C31B1AC220FA7DB00D58FE3 /* APIEndpoints.swift in Sources */ = {isa = PBXBuildFile; fileRef = 4C31B1AB220FA7DB00D58FE3 /* APIEndpoints.swift */; };
		4C31B1AF220FA81800D58FE3 /* ServiceProtocol.swift in Sources */ = {isa = PBXBuildFile; fileRef = 4C31B1AE220FA81800D58FE3 /* ServiceProtocol.swift */; };
		4C31B1B1220FA83800D58FE3 /* ProviderProtocol.swift in Sources */ = {isa = PBXBuildFile; fileRef = 4C31B1B0220FA83800D58FE3 /* ProviderProtocol.swift */; };
		4C31B1B3220FA84C00D58FE3 /* URLSessionProtocol.swift in Sources */ = {isa = PBXBuildFile; fileRef = 4C31B1B2220FA84C00D58FE3 /* URLSessionProtocol.swift */; };
		4C31B1B6220FA87500D58FE3 /* NetworkResponse.swift in Sources */ = {isa = PBXBuildFile; fileRef = 4C31B1B5220FA87500D58FE3 /* NetworkResponse.swift */; };
		4C31B1B8220FA89000D58FE3 /* URLSessionProvider.swift in Sources */ = {isa = PBXBuildFile; fileRef = 4C31B1B7220FA89000D58FE3 /* URLSessionProvider.swift */; };
		4C31B1BA220FA8D100D58FE3 /* URLComponentsExtensions.swift in Sources */ = {isa = PBXBuildFile; fileRef = 4C31B1B9220FA8D100D58FE3 /* URLComponentsExtensions.swift */; };
		4C31B1BC220FA8F000D58FE3 /* URLRequestExtensions.swift in Sources */ = {isa = PBXBuildFile; fileRef = 4C31B1BB220FA8F000D58FE3 /* URLRequestExtensions.swift */; };
		4C31B1BF220FAA4D00D58FE3 /* PaymentCardService.swift in Sources */ = {isa = PBXBuildFile; fileRef = 4C31B1BE220FAA4D00D58FE3 /* PaymentCardService.swift */; };
		4C31B1C2220FAA7600D58FE3 /* PaymentCardFilter.swift in Sources */ = {isa = PBXBuildFile; fileRef = 4C31B1C1220FAA7600D58FE3 /* PaymentCardFilter.swift */; };
		4C31B1C5220FABA400D58FE3 /* PaymentMethod.swift in Sources */ = {isa = PBXBuildFile; fileRef = 4C31B1C4220FABA400D58FE3 /* PaymentMethod.swift */; };
		4C31B1C9220FB09000D58FE3 /* DefaultTableViewCell.swift in Sources */ = {isa = PBXBuildFile; fileRef = 4C31B1C7220FB09000D58FE3 /* DefaultTableViewCell.swift */; };
		4C31B1CA220FB09000D58FE3 /* DefaultTableViewCell.xib in Resources */ = {isa = PBXBuildFile; fileRef = 4C31B1C8220FB09000D58FE3 /* DefaultTableViewCell.xib */; };
		4C31B1CD220FBE4800D58FE3 /* SetBankViewController.swift in Sources */ = {isa = PBXBuildFile; fileRef = 4C31B1CC220FBE4800D58FE3 /* SetBankViewController.swift */; };
		4C31B1CF220FBE6D00D58FE3 /* SetBankViewModel.swift in Sources */ = {isa = PBXBuildFile; fileRef = 4C31B1CE220FBE6D00D58FE3 /* SetBankViewModel.swift */; };
		4C31B1D2220FC25600D58FE3 /* Bank.swift in Sources */ = {isa = PBXBuildFile; fileRef = 4C31B1D1220FC25600D58FE3 /* Bank.swift */; };
		4C31B1D5220FC2B000D58FE3 /* BankService.swift in Sources */ = {isa = PBXBuildFile; fileRef = 4C31B1D4220FC2B000D58FE3 /* BankService.swift */; };
		4C31B1D8220FC2DB00D58FE3 /* BankFilter.swift in Sources */ = {isa = PBXBuildFile; fileRef = 4C31B1D7220FC2DB00D58FE3 /* BankFilter.swift */; };
		4C31B1DB221054A500D58FE3 /* SetInstallmentsViewController.swift in Sources */ = {isa = PBXBuildFile; fileRef = 4C31B1DA221054A500D58FE3 /* SetInstallmentsViewController.swift */; };
		4C31B1DD221055DA00D58FE3 /* SetInstallmentsViewModel.swift in Sources */ = {isa = PBXBuildFile; fileRef = 4C31B1DC221055DA00D58FE3 /* SetInstallmentsViewModel.swift */; };
		4C31B1E62210602E00D58FE3 /* InstallmentsFilter.swift in Sources */ = {isa = PBXBuildFile; fileRef = 4C31B1E52210602E00D58FE3 /* InstallmentsFilter.swift */; };
		4C31B1E8221060BA00D58FE3 /* InstallmentsService.swift in Sources */ = {isa = PBXBuildFile; fileRef = 4C31B1E7221060BA00D58FE3 /* InstallmentsService.swift */; };
		4C31B1EB2210624C00D58FE3 /* PaymentResponse.swift in Sources */ = {isa = PBXBuildFile; fileRef = 4C31B1EA2210624C00D58FE3 /* PaymentResponse.swift */; };
		4C31B1ED2210649500D58FE3 /* Alertable.swift in Sources */ = {isa = PBXBuildFile; fileRef = 4C31B1EC2210649500D58FE3 /* Alertable.swift */; };
		4C31B1F022106C9C00D58FE3 /* CoreDataStack.swift in Sources */ = {isa = PBXBuildFile; fileRef = 4C31B1EF22106C9C00D58FE3 /* CoreDataStack.swift */; };
		4C31B1F322106CDB00D58FE3 /* MercadoLibreTest.xcdatamodeld in Sources */ = {isa = PBXBuildFile; fileRef = 4C31B1F122106CDB00D58FE3 /* MercadoLibreTest.xcdatamodeld */; };
		4C31B1F622106DE100D58FE3 /* CDPayment+CoreDataClass.swift in Sources */ = {isa = PBXBuildFile; fileRef = 4C31B1F522106DE100D58FE3 /* CDPayment+CoreDataClass.swift */; };
		4C31B1F822106DED00D58FE3 /* CDPayment+CoreDataProperties.swift in Sources */ = {isa = PBXBuildFile; fileRef = 4C31B1F722106DED00D58FE3 /* CDPayment+CoreDataProperties.swift */; };
		4C31B1FB22106EEA00D58FE3 /* PaymentRepository.swift in Sources */ = {isa = PBXBuildFile; fileRef = 4C31B1FA22106EEA00D58FE3 /* PaymentRepository.swift */; };
		4C31B1FD22106F7400D58FE3 /* CDPaymentRepository.swift in Sources */ = {isa = PBXBuildFile; fileRef = 4C31B1FC22106F7400D58FE3 /* CDPaymentRepository.swift */; };
		4C31B1FF2210750700D58FE3 /* NotificationExtensions.swift in Sources */ = {isa = PBXBuildFile; fileRef = 4C31B1FE2210750700D58FE3 /* NotificationExtensions.swift */; };
		4C31B2022210840C00D58FE3 /* DetailPaymentViewController.swift in Sources */ = {isa = PBXBuildFile; fileRef = 4C31B2012210840C00D58FE3 /* DetailPaymentViewController.swift */; };
		4C31B2042210844800D58FE3 /* DetailPaymentViewModel.swift in Sources */ = {isa = PBXBuildFile; fileRef = 4C31B2032210844800D58FE3 /* DetailPaymentViewModel.swift */; };
		4C31B2072210865B00D58FE3 /* DetailGeneralItem.swift in Sources */ = {isa = PBXBuildFile; fileRef = 4C31B2062210865B00D58FE3 /* DetailGeneralItem.swift */; };
		4C31B2092210867100D58FE3 /* DetailPaymentMethodItem.swift in Sources */ = {isa = PBXBuildFile; fileRef = 4C31B2082210867100D58FE3 /* DetailPaymentMethodItem.swift */; };
		4C31B20B2210868000D58FE3 /* DetailBankItem.swift in Sources */ = {isa = PBXBuildFile; fileRef = 4C31B20A2210868000D58FE3 /* DetailBankItem.swift */; };
		4C31B20F2210892F00D58FE3 /* DetailGeneralTableViewCell.swift in Sources */ = {isa = PBXBuildFile; fileRef = 4C31B20D2210892F00D58FE3 /* DetailGeneralTableViewCell.swift */; };
		4C31B2102210892F00D58FE3 /* DetailGeneralTableViewCell.xib in Resources */ = {isa = PBXBuildFile; fileRef = 4C31B20E2210892F00D58FE3 /* DetailGeneralTableViewCell.xib */; };
		4C97FF8D220F77F50044DDD2 /* AppDelegate.swift in Sources */ = {isa = PBXBuildFile; fileRef = 4C97FF8C220F77F50044DDD2 /* AppDelegate.swift */; };
		4C97FF94220F77F60044DDD2 /* Assets.xcassets in Resources */ = {isa = PBXBuildFile; fileRef = 4C97FF93220F77F60044DDD2 /* Assets.xcassets */; };
		4C97FF97220F77F60044DDD2 /* LaunchScreen.storyboard in Resources */ = {isa = PBXBuildFile; fileRef = 4C97FF95220F77F60044DDD2 /* LaunchScreen.storyboard */; };
		4C97FFA1220F78F40044DDD2 /* Coordinator.swift in Sources */ = {isa = PBXBuildFile; fileRef = 4C97FFA0220F78F40044DDD2 /* Coordinator.swift */; };
		4C97FFA3220F79070044DDD2 /* RootViewCoordinator.swift in Sources */ = {isa = PBXBuildFile; fileRef = 4C97FFA2220F79070044DDD2 /* RootViewCoordinator.swift */; };
		4C97FFA5220F79200044DDD2 /* AppCoordinator.swift in Sources */ = {isa = PBXBuildFile; fileRef = 4C97FFA4220F79200044DDD2 /* AppCoordinator.swift */; };
		4C97FFA9220F79700044DDD2 /* ViewModel.swift in Sources */ = {isa = PBXBuildFile; fileRef = 4C97FFA8220F79700044DDD2 /* ViewModel.swift */; };
		4C97FFAC220F7A550044DDD2 /* AmountViewController.swift in Sources */ = {isa = PBXBuildFile; fileRef = 4C97FFAB220F7A550044DDD2 /* AmountViewController.swift */; };
		4C97FFAF220F7A8C0044DDD2 /* MakePaymentCoordinator.swift in Sources */ = {isa = PBXBuildFile; fileRef = 4C97FFAE220F7A8C0044DDD2 /* MakePaymentCoordinator.swift */; };
		4C97FFB4220F7B560044DDD2 /* Localizable.strings in Resources */ = {isa = PBXBuildFile; fileRef = 4C97FFB6220F7B560044DDD2 /* Localizable.strings */; };
		4C97FFBA220F7BE20044DDD2 /* StringExtensions.swift in Sources */ = {isa = PBXBuildFile; fileRef = 4C97FFB9220F7BE20044DDD2 /* StringExtensions.swift */; };
		4C97FFBC220F7BF60044DDD2 /* ColorExtensions.swift in Sources */ = {isa = PBXBuildFile; fileRef = 4C97FFBB220F7BF60044DDD2 /* ColorExtensions.swift */; };
		4C97FFC0220F7E6E0044DDD2 /* PaymentsCoordinator.swift in Sources */ = {isa = PBXBuildFile; fileRef = 4C97FFBF220F7E6E0044DDD2 /* PaymentsCoordinator.swift */; };
		4C97FFC2220F7E820044DDD2 /* PaymentsViewController.swift in Sources */ = {isa = PBXBuildFile; fileRef = 4C97FFC1220F7E820044DDD2 /* PaymentsViewController.swift */; };
		4C97FFC7220F800E0044DDD2 /* CellProtocol.swift in Sources */ = {isa = PBXBuildFile; fileRef = 4C97FFC6220F800E0044DDD2 /* CellProtocol.swift */; };
		4C97FFCA220F80370044DDD2 /* PaymentTableViewCell.swift in Sources */ = {isa = PBXBuildFile; fileRef = 4C97FFC8220F80370044DDD2 /* PaymentTableViewCell.swift */; };
		4C97FFCB220F80370044DDD2 /* PaymentTableViewCell.xib in Resources */ = {isa = PBXBuildFile; fileRef = 4C97FFC9220F80370044DDD2 /* PaymentTableViewCell.xib */; };
		4C97FFCD220F80960044DDD2 /* PaymentCellViewModel.swift in Sources */ = {isa = PBXBuildFile; fileRef = 4C97FFCC220F80960044DDD2 /* PaymentCellViewModel.swift */; };
		4C97FFCF220F81190044DDD2 /* PaymentsViewModel.swift in Sources */ = {isa = PBXBuildFile; fileRef = 4C97FFCE220F81190044DDD2 /* PaymentsViewModel.swift */; };
		4C97FFD3220F816E0044DDD2 /* EmptyTableView.swift in Sources */ = {isa = PBXBuildFile; fileRef = 4C97FFD2220F816E0044DDD2 /* EmptyTableView.swift */; };
		4C97FFD6220F820B0044DDD2 /* Payment.swift in Sources */ = {isa = PBXBuildFile; fileRef = 4C97FFD5220F820B0044DDD2 /* Payment.swift */; };
		4C97FFDA220F89C10044DDD2 /* AmountViewModel.swift in Sources */ = {isa = PBXBuildFile; fileRef = 4C97FFD9220F89C10044DDD2 /* AmountViewModel.swift */; };
/* End PBXBuildFile section */

/* Begin PBXFileReference section */
		4A69599F5956419DAA467D54 /* Pods_MercadoLibreTest.framework */ = {isa = PBXFileReference; explicitFileType = wrapper.framework; includeInIndex = 0; path = Pods_MercadoLibreTest.framework; sourceTree = BUILT_PRODUCTS_DIR; };
		4C31B199220F8F0D00D58FE3 /* LoaderButton.swift */ = {isa = PBXFileReference; lastKnownFileType = sourcecode.swift; path = LoaderButton.swift; sourceTree = "<group>"; };
		4C31B19B220F90FC00D58FE3 /* UIViewControllerExtensions.swift */ = {isa = PBXFileReference; lastKnownFileType = sourcecode.swift; path = UIViewControllerExtensions.swift; sourceTree = "<group>"; };
		4C31B19E220F94DF00D58FE3 /* SetPaymentCardViewController.swift */ = {isa = PBXFileReference; lastKnownFileType = sourcecode.swift; path = SetPaymentCardViewController.swift; sourceTree = "<group>"; };
		4C31B1A0220F956000D58FE3 /* SetPaymentCardViewModel.swift */ = {isa = PBXFileReference; lastKnownFileType = sourcecode.swift; path = SetPaymentCardViewModel.swift; sourceTree = "<group>"; };
		4C31B1A4220FA7A600D58FE3 /* MercadoLibreTest-Bridging-Header.h */ = {isa = PBXFileReference; lastKnownFileType = sourcecode.c.h; path = "MercadoLibreTest-Bridging-Header.h"; sourceTree = "<group>"; };
		4C31B1A5220FA7A700D58FE3 /* Reachability.h */ = {isa = PBXFileReference; fileEncoding = 4; lastKnownFileType = sourcecode.c.h; path = Reachability.h; sourceTree = "<group>"; };
		4C31B1A6220FA7A700D58FE3 /* Reachability.m */ = {isa = PBXFileReference; fileEncoding = 4; lastKnownFileType = sourcecode.c.objc; path = Reachability.m; sourceTree = "<group>"; };
		4C31B1A8220FA7BF00D58FE3 /* InternetConnection.swift */ = {isa = PBXFileReference; lastKnownFileType = sourcecode.swift; path = InternetConnection.swift; sourceTree = "<group>"; };
		4C31B1AB220FA7DB00D58FE3 /* APIEndpoints.swift */ = {isa = PBXFileReference; lastKnownFileType = sourcecode.swift; path = APIEndpoints.swift; sourceTree = "<group>"; };
		4C31B1AE220FA81800D58FE3 /* ServiceProtocol.swift */ = {isa = PBXFileReference; lastKnownFileType = sourcecode.swift; path = ServiceProtocol.swift; sourceTree = "<group>"; };
		4C31B1B0220FA83800D58FE3 /* ProviderProtocol.swift */ = {isa = PBXFileReference; lastKnownFileType = sourcecode.swift; path = ProviderProtocol.swift; sourceTree = "<group>"; };
		4C31B1B2220FA84C00D58FE3 /* URLSessionProtocol.swift */ = {isa = PBXFileReference; lastKnownFileType = sourcecode.swift; path = URLSessionProtocol.swift; sourceTree = "<group>"; };
		4C31B1B5220FA87500D58FE3 /* NetworkResponse.swift */ = {isa = PBXFileReference; lastKnownFileType = sourcecode.swift; path = NetworkResponse.swift; sourceTree = "<group>"; };
		4C31B1B7220FA89000D58FE3 /* URLSessionProvider.swift */ = {isa = PBXFileReference; lastKnownFileType = sourcecode.swift; path = URLSessionProvider.swift; sourceTree = "<group>"; };
		4C31B1B9220FA8D100D58FE3 /* URLComponentsExtensions.swift */ = {isa = PBXFileReference; lastKnownFileType = sourcecode.swift; path = URLComponentsExtensions.swift; sourceTree = "<group>"; };
		4C31B1BB220FA8F000D58FE3 /* URLRequestExtensions.swift */ = {isa = PBXFileReference; lastKnownFileType = sourcecode.swift; path = URLRequestExtensions.swift; sourceTree = "<group>"; };
		4C31B1BE220FAA4D00D58FE3 /* PaymentCardService.swift */ = {isa = PBXFileReference; lastKnownFileType = sourcecode.swift; path = PaymentCardService.swift; sourceTree = "<group>"; };
		4C31B1C1220FAA7600D58FE3 /* PaymentCardFilter.swift */ = {isa = PBXFileReference; lastKnownFileType = sourcecode.swift; path = PaymentCardFilter.swift; sourceTree = "<group>"; };
		4C31B1C4220FABA400D58FE3 /* PaymentMethod.swift */ = {isa = PBXFileReference; lastKnownFileType = sourcecode.swift; path = PaymentMethod.swift; sourceTree = "<group>"; };
		4C31B1C7220FB09000D58FE3 /* DefaultTableViewCell.swift */ = {isa = PBXFileReference; lastKnownFileType = sourcecode.swift; path = DefaultTableViewCell.swift; sourceTree = "<group>"; };
		4C31B1C8220FB09000D58FE3 /* DefaultTableViewCell.xib */ = {isa = PBXFileReference; lastKnownFileType = file.xib; path = DefaultTableViewCell.xib; sourceTree = "<group>"; };
		4C31B1CC220FBE4800D58FE3 /* SetBankViewController.swift */ = {isa = PBXFileReference; lastKnownFileType = sourcecode.swift; path = SetBankViewController.swift; sourceTree = "<group>"; };
		4C31B1CE220FBE6D00D58FE3 /* SetBankViewModel.swift */ = {isa = PBXFileReference; lastKnownFileType = sourcecode.swift; path = SetBankViewModel.swift; sourceTree = "<group>"; };
		4C31B1D1220FC25600D58FE3 /* Bank.swift */ = {isa = PBXFileReference; lastKnownFileType = sourcecode.swift; path = Bank.swift; sourceTree = "<group>"; };
		4C31B1D4220FC2B000D58FE3 /* BankService.swift */ = {isa = PBXFileReference; lastKnownFileType = sourcecode.swift; path = BankService.swift; sourceTree = "<group>"; };
		4C31B1D7220FC2DB00D58FE3 /* BankFilter.swift */ = {isa = PBXFileReference; lastKnownFileType = sourcecode.swift; path = BankFilter.swift; sourceTree = "<group>"; };
		4C31B1DA221054A500D58FE3 /* SetInstallmentsViewController.swift */ = {isa = PBXFileReference; lastKnownFileType = sourcecode.swift; path = SetInstallmentsViewController.swift; sourceTree = "<group>"; };
		4C31B1DC221055DA00D58FE3 /* SetInstallmentsViewModel.swift */ = {isa = PBXFileReference; lastKnownFileType = sourcecode.swift; path = SetInstallmentsViewModel.swift; sourceTree = "<group>"; };
		4C31B1E52210602E00D58FE3 /* InstallmentsFilter.swift */ = {isa = PBXFileReference; lastKnownFileType = sourcecode.swift; path = InstallmentsFilter.swift; sourceTree = "<group>"; };
		4C31B1E7221060BA00D58FE3 /* InstallmentsService.swift */ = {isa = PBXFileReference; lastKnownFileType = sourcecode.swift; path = InstallmentsService.swift; sourceTree = "<group>"; };
		4C31B1EA2210624C00D58FE3 /* PaymentResponse.swift */ = {isa = PBXFileReference; lastKnownFileType = sourcecode.swift; path = PaymentResponse.swift; sourceTree = "<group>"; };
		4C31B1EC2210649500D58FE3 /* Alertable.swift */ = {isa = PBXFileReference; lastKnownFileType = sourcecode.swift; path = Alertable.swift; sourceTree = "<group>"; };
		4C31B1EF22106C9C00D58FE3 /* CoreDataStack.swift */ = {isa = PBXFileReference; lastKnownFileType = sourcecode.swift; path = CoreDataStack.swift; sourceTree = "<group>"; };
		4C31B1F222106CDB00D58FE3 /* MercadoLibreTest.xcdatamodel */ = {isa = PBXFileReference; lastKnownFileType = wrapper.xcdatamodel; path = MercadoLibreTest.xcdatamodel; sourceTree = "<group>"; };
		4C31B1F522106DE100D58FE3 /* CDPayment+CoreDataClass.swift */ = {isa = PBXFileReference; lastKnownFileType = sourcecode.swift; path = "CDPayment+CoreDataClass.swift"; sourceTree = "<group>"; };
		4C31B1F722106DED00D58FE3 /* CDPayment+CoreDataProperties.swift */ = {isa = PBXFileReference; lastKnownFileType = sourcecode.swift; path = "CDPayment+CoreDataProperties.swift"; sourceTree = "<group>"; };
		4C31B1FA22106EEA00D58FE3 /* PaymentRepository.swift */ = {isa = PBXFileReference; lastKnownFileType = sourcecode.swift; path = PaymentRepository.swift; sourceTree = "<group>"; };
		4C31B1FC22106F7400D58FE3 /* CDPaymentRepository.swift */ = {isa = PBXFileReference; lastKnownFileType = sourcecode.swift; path = CDPaymentRepository.swift; sourceTree = "<group>"; };
		4C31B1FE2210750700D58FE3 /* NotificationExtensions.swift */ = {isa = PBXFileReference; lastKnownFileType = sourcecode.swift; path = NotificationExtensions.swift; sourceTree = "<group>"; };
		4C31B2012210840C00D58FE3 /* DetailPaymentViewController.swift */ = {isa = PBXFileReference; lastKnownFileType = sourcecode.swift; path = DetailPaymentViewController.swift; sourceTree = "<group>"; };
		4C31B2032210844800D58FE3 /* DetailPaymentViewModel.swift */ = {isa = PBXFileReference; lastKnownFileType = sourcecode.swift; path = DetailPaymentViewModel.swift; sourceTree = "<group>"; };
		4C31B2062210865B00D58FE3 /* DetailGeneralItem.swift */ = {isa = PBXFileReference; lastKnownFileType = sourcecode.swift; path = DetailGeneralItem.swift; sourceTree = "<group>"; };
		4C31B2082210867100D58FE3 /* DetailPaymentMethodItem.swift */ = {isa = PBXFileReference; lastKnownFileType = sourcecode.swift; path = DetailPaymentMethodItem.swift; sourceTree = "<group>"; };
		4C31B20A2210868000D58FE3 /* DetailBankItem.swift */ = {isa = PBXFileReference; lastKnownFileType = sourcecode.swift; path = DetailBankItem.swift; sourceTree = "<group>"; };
		4C31B20D2210892F00D58FE3 /* DetailGeneralTableViewCell.swift */ = {isa = PBXFileReference; lastKnownFileType = sourcecode.swift; path = DetailGeneralTableViewCell.swift; sourceTree = "<group>"; };
		4C31B20E2210892F00D58FE3 /* DetailGeneralTableViewCell.xib */ = {isa = PBXFileReference; lastKnownFileType = file.xib; path = DetailGeneralTableViewCell.xib; sourceTree = "<group>"; };
		4C97FF89220F77F50044DDD2 /* MercadoLibreTest.app */ = {isa = PBXFileReference; explicitFileType = wrapper.application; includeInIndex = 0; path = MercadoLibreTest.app; sourceTree = BUILT_PRODUCTS_DIR; };
		4C97FF8C220F77F50044DDD2 /* AppDelegate.swift */ = {isa = PBXFileReference; lastKnownFileType = sourcecode.swift; path = AppDelegate.swift; sourceTree = "<group>"; };
		4C97FF93220F77F60044DDD2 /* Assets.xcassets */ = {isa = PBXFileReference; lastKnownFileType = folder.assetcatalog; path = Assets.xcassets; sourceTree = "<group>"; };
		4C97FF96220F77F60044DDD2 /* Base */ = {isa = PBXFileReference; lastKnownFileType = file.storyboard; name = Base; path = Base.lproj/LaunchScreen.storyboard; sourceTree = "<group>"; };
		4C97FF98220F77F60044DDD2 /* Info.plist */ = {isa = PBXFileReference; lastKnownFileType = text.plist.xml; path = Info.plist; sourceTree = "<group>"; };
		4C97FFA0220F78F40044DDD2 /* Coordinator.swift */ = {isa = PBXFileReference; lastKnownFileType = sourcecode.swift; path = Coordinator.swift; sourceTree = "<group>"; };
		4C97FFA2220F79070044DDD2 /* RootViewCoordinator.swift */ = {isa = PBXFileReference; lastKnownFileType = sourcecode.swift; path = RootViewCoordinator.swift; sourceTree = "<group>"; };
		4C97FFA4220F79200044DDD2 /* AppCoordinator.swift */ = {isa = PBXFileReference; lastKnownFileType = sourcecode.swift; path = AppCoordinator.swift; sourceTree = "<group>"; };
		4C97FFA8220F79700044DDD2 /* ViewModel.swift */ = {isa = PBXFileReference; lastKnownFileType = sourcecode.swift; path = ViewModel.swift; sourceTree = "<group>"; };
		4C97FFAB220F7A550044DDD2 /* AmountViewController.swift */ = {isa = PBXFileReference; lastKnownFileType = sourcecode.swift; path = AmountViewController.swift; sourceTree = "<group>"; };
		4C97FFAE220F7A8C0044DDD2 /* MakePaymentCoordinator.swift */ = {isa = PBXFileReference; lastKnownFileType = sourcecode.swift; path = MakePaymentCoordinator.swift; sourceTree = "<group>"; };
		4C97FFB3220F7B440044DDD2 /* es-419 */ = {isa = PBXFileReference; lastKnownFileType = text.plist.strings; name = "es-419"; path = "es-419.lproj/LaunchScreen.strings"; sourceTree = "<group>"; };
		4C97FFB5220F7B560044DDD2 /* en */ = {isa = PBXFileReference; lastKnownFileType = text.plist.strings; name = en; path = en.lproj/Localizable.strings; sourceTree = "<group>"; };
		4C97FFB7220F7B5A0044DDD2 /* es-419 */ = {isa = PBXFileReference; lastKnownFileType = text.plist.strings; name = "es-419"; path = "es-419.lproj/Localizable.strings"; sourceTree = "<group>"; };
		4C97FFB9220F7BE20044DDD2 /* StringExtensions.swift */ = {isa = PBXFileReference; lastKnownFileType = sourcecode.swift; path = StringExtensions.swift; sourceTree = "<group>"; };
		4C97FFBB220F7BF60044DDD2 /* ColorExtensions.swift */ = {isa = PBXFileReference; lastKnownFileType = sourcecode.swift; path = ColorExtensions.swift; sourceTree = "<group>"; };
		4C97FFBF220F7E6E0044DDD2 /* PaymentsCoordinator.swift */ = {isa = PBXFileReference; lastKnownFileType = sourcecode.swift; path = PaymentsCoordinator.swift; sourceTree = "<group>"; };
		4C97FFC1220F7E820044DDD2 /* PaymentsViewController.swift */ = {isa = PBXFileReference; lastKnownFileType = sourcecode.swift; path = PaymentsViewController.swift; sourceTree = "<group>"; };
		4C97FFC6220F800E0044DDD2 /* CellProtocol.swift */ = {isa = PBXFileReference; lastKnownFileType = sourcecode.swift; path = CellProtocol.swift; sourceTree = "<group>"; };
		4C97FFC8220F80370044DDD2 /* PaymentTableViewCell.swift */ = {isa = PBXFileReference; lastKnownFileType = sourcecode.swift; path = PaymentTableViewCell.swift; sourceTree = "<group>"; };
		4C97FFC9220F80370044DDD2 /* PaymentTableViewCell.xib */ = {isa = PBXFileReference; lastKnownFileType = file.xib; path = PaymentTableViewCell.xib; sourceTree = "<group>"; };
		4C97FFCC220F80960044DDD2 /* PaymentCellViewModel.swift */ = {isa = PBXFileReference; lastKnownFileType = sourcecode.swift; path = PaymentCellViewModel.swift; sourceTree = "<group>"; };
		4C97FFCE220F81190044DDD2 /* PaymentsViewModel.swift */ = {isa = PBXFileReference; lastKnownFileType = sourcecode.swift; path = PaymentsViewModel.swift; sourceTree = "<group>"; };
		4C97FFD2220F816E0044DDD2 /* EmptyTableView.swift */ = {isa = PBXFileReference; lastKnownFileType = sourcecode.swift; path = EmptyTableView.swift; sourceTree = "<group>"; };
		4C97FFD5220F820B0044DDD2 /* Payment.swift */ = {isa = PBXFileReference; lastKnownFileType = sourcecode.swift; path = Payment.swift; sourceTree = "<group>"; };
		4C97FFD9220F89C10044DDD2 /* AmountViewModel.swift */ = {isa = PBXFileReference; lastKnownFileType = sourcecode.swift; path = AmountViewModel.swift; sourceTree = "<group>"; };
		6A119B8B59A1F62B4EB4B1C7 /* Pods-MercadoLibreTest.debug.xcconfig */ = {isa = PBXFileReference; includeInIndex = 1; lastKnownFileType = text.xcconfig; name = "Pods-MercadoLibreTest.debug.xcconfig"; path = "Pods/Target Support Files/Pods-MercadoLibreTest/Pods-MercadoLibreTest.debug.xcconfig"; sourceTree = "<group>"; };
		FA31B41BAFEDCD6CB44453FC /* Pods-MercadoLibreTest.release.xcconfig */ = {isa = PBXFileReference; includeInIndex = 1; lastKnownFileType = text.xcconfig; name = "Pods-MercadoLibreTest.release.xcconfig"; path = "Pods/Target Support Files/Pods-MercadoLibreTest/Pods-MercadoLibreTest.release.xcconfig"; sourceTree = "<group>"; };
/* End PBXFileReference section */

/* Begin PBXFrameworksBuildPhase section */
		4C97FF86220F77F50044DDD2 /* Frameworks */ = {
			isa = PBXFrameworksBuildPhase;
			buildActionMask = 2147483647;
			files = (
				06FCC9BB0FC4FD9CEA603047 /* Pods_MercadoLibreTest.framework in Frameworks */,
			);
			runOnlyForDeploymentPostprocessing = 0;
		};
/* End PBXFrameworksBuildPhase section */

/* Begin PBXGroup section */
		2170D68C00B360016BBBC6D1 /* Frameworks */ = {
			isa = PBXGroup;
			children = (
				4A69599F5956419DAA467D54 /* Pods_MercadoLibreTest.framework */,
			);
			name = Frameworks;
			sourceTree = "<group>";
		};
		4C31B19D220F948300D58FE3 /* SetPaymentCard */ = {
			isa = PBXGroup;
			children = (
				4C31B1BD220FAA3D00D58FE3 /* Services */,
				4C31B1C3220FAB9B00D58FE3 /* Models */,
				4C31B19E220F94DF00D58FE3 /* SetPaymentCardViewController.swift */,
				4C31B1A0220F956000D58FE3 /* SetPaymentCardViewModel.swift */,
			);
			path = SetPaymentCard;
			sourceTree = "<group>";
		};
		4C31B1A2220FA77700D58FE3 /* Networking */ = {
			isa = PBXGroup;
			children = (
				4C31B1A3220FA78800D58FE3 /* Reachability */,
				4C31B1AA220FA7D000D58FE3 /* Endpoints */,
				4C31B1AD220FA80300D58FE3 /* Protocols */,
				4C31B1B4220FA85900D58FE3 /* Responses */,
				4C31B1B7220FA89000D58FE3 /* URLSessionProvider.swift */,
			);
			path = Networking;
			sourceTree = "<group>";
		};
		4C31B1A3220FA78800D58FE3 /* Reachability */ = {
			isa = PBXGroup;
			children = (
				4C31B1A5220FA7A700D58FE3 /* Reachability.h */,
				4C31B1A6220FA7A700D58FE3 /* Reachability.m */,
				4C31B1A4220FA7A600D58FE3 /* MercadoLibreTest-Bridging-Header.h */,
				4C31B1A8220FA7BF00D58FE3 /* InternetConnection.swift */,
			);
			path = Reachability;
			sourceTree = "<group>";
		};
		4C31B1AA220FA7D000D58FE3 /* Endpoints */ = {
			isa = PBXGroup;
			children = (
				4C31B1AB220FA7DB00D58FE3 /* APIEndpoints.swift */,
			);
			path = Endpoints;
			sourceTree = "<group>";
		};
		4C31B1AD220FA80300D58FE3 /* Protocols */ = {
			isa = PBXGroup;
			children = (
				4C31B1AE220FA81800D58FE3 /* ServiceProtocol.swift */,
				4C31B1B0220FA83800D58FE3 /* ProviderProtocol.swift */,
				4C31B1B2220FA84C00D58FE3 /* URLSessionProtocol.swift */,
			);
			path = Protocols;
			sourceTree = "<group>";
		};
		4C31B1B4220FA85900D58FE3 /* Responses */ = {
			isa = PBXGroup;
			children = (
				4C31B1B5220FA87500D58FE3 /* NetworkResponse.swift */,
			);
			path = Responses;
			sourceTree = "<group>";
		};
		4C31B1BD220FAA3D00D58FE3 /* Services */ = {
			isa = PBXGroup;
			children = (
				4C31B1C0220FAA6700D58FE3 /* Filters */,
				4C31B1BE220FAA4D00D58FE3 /* PaymentCardService.swift */,
			);
			path = Services;
			sourceTree = "<group>";
		};
		4C31B1C0220FAA6700D58FE3 /* Filters */ = {
			isa = PBXGroup;
			children = (
				4C31B1C1220FAA7600D58FE3 /* PaymentCardFilter.swift */,
			);
			path = Filters;
			sourceTree = "<group>";
		};
		4C31B1C3220FAB9B00D58FE3 /* Models */ = {
			isa = PBXGroup;
			children = (
				4C31B1C4220FABA400D58FE3 /* PaymentMethod.swift */,
			);
			path = Models;
			sourceTree = "<group>";
		};
		4C31B1C6220FB02000D58FE3 /* Cells */ = {
			isa = PBXGroup;
			children = (
				4C31B1C7220FB09000D58FE3 /* DefaultTableViewCell.swift */,
				4C31B1C8220FB09000D58FE3 /* DefaultTableViewCell.xib */,
			);
			path = Cells;
			sourceTree = "<group>";
		};
		4C31B1CB220FBE3100D58FE3 /* SetBank */ = {
			isa = PBXGroup;
			children = (
				4C31B1D3220FC29E00D58FE3 /* Services */,
				4C31B1D0220FC24000D58FE3 /* Models */,
				4C31B1CC220FBE4800D58FE3 /* SetBankViewController.swift */,
				4C31B1CE220FBE6D00D58FE3 /* SetBankViewModel.swift */,
			);
			path = SetBank;
			sourceTree = "<group>";
		};
		4C31B1D0220FC24000D58FE3 /* Models */ = {
			isa = PBXGroup;
			children = (
				4C31B1D1220FC25600D58FE3 /* Bank.swift */,
			);
			path = Models;
			sourceTree = "<group>";
		};
		4C31B1D3220FC29E00D58FE3 /* Services */ = {
			isa = PBXGroup;
			children = (
				4C31B1D6220FC2CA00D58FE3 /* Filters */,
				4C31B1D4220FC2B000D58FE3 /* BankService.swift */,
			);
			path = Services;
			sourceTree = "<group>";
		};
		4C31B1D6220FC2CA00D58FE3 /* Filters */ = {
			isa = PBXGroup;
			children = (
				4C31B1D7220FC2DB00D58FE3 /* BankFilter.swift */,
			);
			path = Filters;
			sourceTree = "<group>";
		};
		4C31B1D92210545500D58FE3 /* SetInstallments */ = {
			isa = PBXGroup;
			children = (
				4C31B1E32210601200D58FE3 /* Services */,
				4C31B1E92210623A00D58FE3 /* Models */,
				4C31B1DA221054A500D58FE3 /* SetInstallmentsViewController.swift */,
				4C31B1DC221055DA00D58FE3 /* SetInstallmentsViewModel.swift */,
			);
			path = SetInstallments;
			sourceTree = "<group>";
		};
		4C31B1E32210601200D58FE3 /* Services */ = {
			isa = PBXGroup;
			children = (
				4C31B1E42210602200D58FE3 /* Filters */,
				4C31B1E7221060BA00D58FE3 /* InstallmentsService.swift */,
			);
			path = Services;
			sourceTree = "<group>";
		};
		4C31B1E42210602200D58FE3 /* Filters */ = {
			isa = PBXGroup;
			children = (
				4C31B1E52210602E00D58FE3 /* InstallmentsFilter.swift */,
			);
			path = Filters;
			sourceTree = "<group>";
		};
		4C31B1E92210623A00D58FE3 /* Models */ = {
			isa = PBXGroup;
			children = (
				4C31B1EA2210624C00D58FE3 /* PaymentResponse.swift */,
			);
			path = Models;
			sourceTree = "<group>";
		};
		4C31B1EE22106B5700D58FE3 /* Persistence */ = {
			isa = PBXGroup;
			children = (
				4C31B1F422106DCF00D58FE3 /* Models */,
				4C31B1EF22106C9C00D58FE3 /* CoreDataStack.swift */,
				4C31B1F122106CDB00D58FE3 /* MercadoLibreTest.xcdatamodeld */,
			);
			path = Persistence;
			sourceTree = "<group>";
		};
		4C31B1F422106DCF00D58FE3 /* Models */ = {
			isa = PBXGroup;
			children = (
				4C31B1F522106DE100D58FE3 /* CDPayment+CoreDataClass.swift */,
				4C31B1F722106DED00D58FE3 /* CDPayment+CoreDataProperties.swift */,
			);
			path = Models;
			sourceTree = "<group>";
		};
		4C31B1F922106ED900D58FE3 /* Repositories */ = {
			isa = PBXGroup;
			children = (
				4C31B1FA22106EEA00D58FE3 /* PaymentRepository.swift */,
				4C31B1FC22106F7400D58FE3 /* CDPaymentRepository.swift */,
			);
			path = Repositories;
			sourceTree = "<group>";
		};
		4C31B200221083FA00D58FE3 /* DetailPayment */ = {
			isa = PBXGroup;
			children = (
				4C31B20C2210890D00D58FE3 /* Cells */,
				4C31B2052210864F00D58FE3 /* Items */,
				4C31B2012210840C00D58FE3 /* DetailPaymentViewController.swift */,
				4C31B2032210844800D58FE3 /* DetailPaymentViewModel.swift */,
			);
			path = DetailPayment;
			sourceTree = "<group>";
		};
		4C31B2052210864F00D58FE3 /* Items */ = {
			isa = PBXGroup;
			children = (
				4C31B2062210865B00D58FE3 /* DetailGeneralItem.swift */,
				4C31B2082210867100D58FE3 /* DetailPaymentMethodItem.swift */,
				4C31B20A2210868000D58FE3 /* DetailBankItem.swift */,
			);
			path = Items;
			sourceTree = "<group>";
		};
		4C31B20C2210890D00D58FE3 /* Cells */ = {
			isa = PBXGroup;
			children = (
				4C31B20D2210892F00D58FE3 /* DetailGeneralTableViewCell.swift */,
				4C31B20E2210892F00D58FE3 /* DetailGeneralTableViewCell.xib */,
			);
			path = Cells;
			sourceTree = "<group>";
		};
		4C97FF80220F77F40044DDD2 = {
			isa = PBXGroup;
			children = (
				4C97FF8B220F77F50044DDD2 /* MercadoLibreTest */,
				4C97FF8A220F77F50044DDD2 /* Products */,
				6D152C0DC13BEC2CEA78C3E9 /* Pods */,
				2170D68C00B360016BBBC6D1 /* Frameworks */,
			);
			sourceTree = "<group>";
		};
		4C97FF8A220F77F50044DDD2 /* Products */ = {
			isa = PBXGroup;
			children = (
				4C97FF89220F77F50044DDD2 /* MercadoLibreTest.app */,
			);
			name = Products;
			sourceTree = "<group>";
		};
		4C97FF8B220F77F50044DDD2 /* MercadoLibreTest */ = {
			isa = PBXGroup;
			children = (
				4C97FF9E220F78BB0044DDD2 /* Resources */,
				4C97FFA6220F793E0044DDD2 /* Core */,
				4C97FFD0220F815A0044DDD2 /* Commons */,
				4C97FF9F220F78E60044DDD2 /* Coordinators */,
				4C31B1A2220FA77700D58FE3 /* Networking */,
				4C31B1EE22106B5700D58FE3 /* Persistence */,
				4C31B1F922106ED900D58FE3 /* Repositories */,
				4C97FFA7220F79590044DDD2 /* View */,
				4C97FF8C220F77F50044DDD2 /* AppDelegate.swift */,
				4C97FF98220F77F60044DDD2 /* Info.plist */,
			);
			path = MercadoLibreTest;
			sourceTree = "<group>";
		};
		4C97FF9E220F78BB0044DDD2 /* Resources */ = {
			isa = PBXGroup;
			children = (
				4C97FF93220F77F60044DDD2 /* Assets.xcassets */,
				4C97FF95220F77F60044DDD2 /* LaunchScreen.storyboard */,
			);
			path = Resources;
			sourceTree = "<group>";
		};
		4C97FF9F220F78E60044DDD2 /* Coordinators */ = {
			isa = PBXGroup;
			children = (
				4C97FFA0220F78F40044DDD2 /* Coordinator.swift */,
				4C97FFA2220F79070044DDD2 /* RootViewCoordinator.swift */,
				4C97FFA4220F79200044DDD2 /* AppCoordinator.swift */,
			);
			path = Coordinators;
			sourceTree = "<group>";
		};
		4C97FFA6220F793E0044DDD2 /* Core */ = {
			isa = PBXGroup;
			children = (
				4C97FFC5220F80030044DDD2 /* Protocols */,
				4C97FFB8220F7BD80044DDD2 /* Extensions */,
				4C97FFB0220F7B090044DDD2 /* Localizable */,
			);
			path = Core;
			sourceTree = "<group>";
		};
		4C97FFA7220F79590044DDD2 /* View */ = {
			isa = PBXGroup;
			children = (
				4C97FFBD220F7E500044DDD2 /* Payments */,
				4C31B200221083FA00D58FE3 /* DetailPayment */,
				4C97FFAA220F7A310044DDD2 /* MakePayment */,
				4C97FFA8220F79700044DDD2 /* ViewModel.swift */,
			);
			path = View;
			sourceTree = "<group>";
		};
		4C97FFAA220F7A310044DDD2 /* MakePayment */ = {
			isa = PBXGroup;
			children = (
				4C97FFAD220F7A7E0044DDD2 /* Coordinators */,
				4C97FFC3220F7F870044DDD2 /* SetAmount */,
				4C31B19D220F948300D58FE3 /* SetPaymentCard */,
				4C31B1CB220FBE3100D58FE3 /* SetBank */,
				4C31B1D92210545500D58FE3 /* SetInstallments */,
			);
			path = MakePayment;
			sourceTree = "<group>";
		};
		4C97FFAD220F7A7E0044DDD2 /* Coordinators */ = {
			isa = PBXGroup;
			children = (
				4C97FFAE220F7A8C0044DDD2 /* MakePaymentCoordinator.swift */,
			);
			path = Coordinators;
			sourceTree = "<group>";
		};
		4C97FFB0220F7B090044DDD2 /* Localizable */ = {
			isa = PBXGroup;
			children = (
				4C97FFB6220F7B560044DDD2 /* Localizable.strings */,
			);
			path = Localizable;
			sourceTree = "<group>";
		};
		4C97FFB8220F7BD80044DDD2 /* Extensions */ = {
			isa = PBXGroup;
			children = (
				4C97FFB9220F7BE20044DDD2 /* StringExtensions.swift */,
				4C97FFBB220F7BF60044DDD2 /* ColorExtensions.swift */,
				4C31B19B220F90FC00D58FE3 /* UIViewControllerExtensions.swift */,
				4C31B1B9220FA8D100D58FE3 /* URLComponentsExtensions.swift */,
				4C31B1BB220FA8F000D58FE3 /* URLRequestExtensions.swift */,
				4C31B1FE2210750700D58FE3 /* NotificationExtensions.swift */,
			);
			path = Extensions;
			sourceTree = "<group>";
		};
		4C97FFBD220F7E500044DDD2 /* Payments */ = {
			isa = PBXGroup;
			children = (
				4C97FFD4220F82010044DDD2 /* Models */,
				4C97FFC4220F7FF20044DDD2 /* Cells */,
				4C97FFBE220F7E570044DDD2 /* Coordinators */,
				4C97FFC1220F7E820044DDD2 /* PaymentsViewController.swift */,
				4C97FFCE220F81190044DDD2 /* PaymentsViewModel.swift */,
			);
			path = Payments;
			sourceTree = "<group>";
		};
		4C97FFBE220F7E570044DDD2 /* Coordinators */ = {
			isa = PBXGroup;
			children = (
				4C97FFBF220F7E6E0044DDD2 /* PaymentsCoordinator.swift */,
			);
			path = Coordinators;
			sourceTree = "<group>";
		};
		4C97FFC3220F7F870044DDD2 /* SetAmount */ = {
			isa = PBXGroup;
			children = (
				4C97FFAB220F7A550044DDD2 /* AmountViewController.swift */,
				4C97FFD9220F89C10044DDD2 /* AmountViewModel.swift */,
			);
			path = SetAmount;
			sourceTree = "<group>";
		};
		4C97FFC4220F7FF20044DDD2 /* Cells */ = {
			isa = PBXGroup;
			children = (
				4C97FFCC220F80960044DDD2 /* PaymentCellViewModel.swift */,
				4C97FFC8220F80370044DDD2 /* PaymentTableViewCell.swift */,
				4C97FFC9220F80370044DDD2 /* PaymentTableViewCell.xib */,
			);
			path = Cells;
			sourceTree = "<group>";
		};
		4C97FFC5220F80030044DDD2 /* Protocols */ = {
			isa = PBXGroup;
			children = (
				4C97FFC6220F800E0044DDD2 /* CellProtocol.swift */,
				4C31B1EC2210649500D58FE3 /* Alertable.swift */,
			);
			path = Protocols;
			sourceTree = "<group>";
		};
		4C97FFD0220F815A0044DDD2 /* Commons */ = {
			isa = PBXGroup;
			children = (
				4C97FFD1220F81630044DDD2 /* Views */,
			);
			path = Commons;
			sourceTree = "<group>";
		};
		4C97FFD1220F81630044DDD2 /* Views */ = {
			isa = PBXGroup;
			children = (
				4C31B1C6220FB02000D58FE3 /* Cells */,
				4C97FFD2220F816E0044DDD2 /* EmptyTableView.swift */,
				4C31B199220F8F0D00D58FE3 /* LoaderButton.swift */,
			);
			path = Views;
			sourceTree = "<group>";
		};
		4C97FFD4220F82010044DDD2 /* Models */ = {
			isa = PBXGroup;
			children = (
				4C97FFD5220F820B0044DDD2 /* Payment.swift */,
			);
			path = Models;
			sourceTree = "<group>";
		};
		6D152C0DC13BEC2CEA78C3E9 /* Pods */ = {
			isa = PBXGroup;
			children = (
				6A119B8B59A1F62B4EB4B1C7 /* Pods-MercadoLibreTest.debug.xcconfig */,
				FA31B41BAFEDCD6CB44453FC /* Pods-MercadoLibreTest.release.xcconfig */,
			);
			name = Pods;
			sourceTree = "<group>";
		};
/* End PBXGroup section */

/* Begin PBXNativeTarget section */
		4C97FF88220F77F50044DDD2 /* MercadoLibreTest */ = {
			isa = PBXNativeTarget;
			buildConfigurationList = 4C97FF9B220F77F60044DDD2 /* Build configuration list for PBXNativeTarget "MercadoLibreTest" */;
			buildPhases = (
				09955ADC177E9844232D9E0B /* [CP] Check Pods Manifest.lock */,
				4C97FF85220F77F50044DDD2 /* Sources */,
				4C97FF86220F77F50044DDD2 /* Frameworks */,
				4C97FF87220F77F50044DDD2 /* Resources */,
				4C97FFD8220F84880044DDD2 /* ShellScript */,
				367DE99013B78A5CF015E6CE /* [CP] Embed Pods Frameworks */,
			);
			buildRules = (
			);
			dependencies = (
			);
			name = MercadoLibreTest;
			productName = MercadoLibreTest;
			productReference = 4C97FF89220F77F50044DDD2 /* MercadoLibreTest.app */;
			productType = "com.apple.product-type.application";
		};
/* End PBXNativeTarget section */

/* Begin PBXProject section */
		4C97FF81220F77F40044DDD2 /* Project object */ = {
			isa = PBXProject;
			attributes = {
				LastSwiftUpdateCheck = 1010;
				LastUpgradeCheck = 1010;
				ORGANIZATIONNAME = ronteq;
				TargetAttributes = {
					4C97FF88220F77F50044DDD2 = {
						CreatedOnToolsVersion = 10.1;
						LastSwiftMigration = 1010;
					};
				};
			};
			buildConfigurationList = 4C97FF84220F77F40044DDD2 /* Build configuration list for PBXProject "MercadoLibreTest" */;
			compatibilityVersion = "Xcode 9.3";
			developmentRegion = en;
			hasScannedForEncodings = 0;
			knownRegions = (
				en,
				Base,
				"es-419",
			);
			mainGroup = 4C97FF80220F77F40044DDD2;
			productRefGroup = 4C97FF8A220F77F50044DDD2 /* Products */;
			projectDirPath = "";
			projectRoot = "";
			targets = (
				4C97FF88220F77F50044DDD2 /* MercadoLibreTest */,
			);
		};
/* End PBXProject section */

/* Begin PBXResourcesBuildPhase section */
		4C97FF87220F77F50044DDD2 /* Resources */ = {
			isa = PBXResourcesBuildPhase;
			buildActionMask = 2147483647;
			files = (
				4C97FF97220F77F60044DDD2 /* LaunchScreen.storyboard in Resources */,
				4C97FFB4220F7B560044DDD2 /* Localizable.strings in Resources */,
				4C97FFCB220F80370044DDD2 /* PaymentTableViewCell.xib in Resources */,
				4C31B1CA220FB09000D58FE3 /* DefaultTableViewCell.xib in Resources */,
				4C97FF94220F77F60044DDD2 /* Assets.xcassets in Resources */,
				4C31B2102210892F00D58FE3 /* DetailGeneralTableViewCell.xib in Resources */,
			);
			runOnlyForDeploymentPostprocessing = 0;
		};
/* End PBXResourcesBuildPhase section */

/* Begin PBXShellScriptBuildPhase section */
		09955ADC177E9844232D9E0B /* [CP] Check Pods Manifest.lock */ = {
			isa = PBXShellScriptBuildPhase;
			buildActionMask = 2147483647;
			files = (
			);
			inputPaths = (
				"${PODS_PODFILE_DIR_PATH}/Podfile.lock",
				"${PODS_ROOT}/Manifest.lock",
			);
			name = "[CP] Check Pods Manifest.lock";
			outputPaths = (
				"$(DERIVED_FILE_DIR)/Pods-MercadoLibreTest-checkManifestLockResult.txt",
			);
			runOnlyForDeploymentPostprocessing = 0;
			shellPath = /bin/sh;
			shellScript = "diff \"${PODS_PODFILE_DIR_PATH}/Podfile.lock\" \"${PODS_ROOT}/Manifest.lock\" > /dev/null\nif [ $? != 0 ] ; then\n    # print error to STDERR\n    echo \"error: The sandbox is not in sync with the Podfile.lock. Run 'pod install' or update your CocoaPods installation.\" >&2\n    exit 1\nfi\n# This output is used by Xcode 'outputs' to avoid re-running this script phase.\necho \"SUCCESS\" > \"${SCRIPT_OUTPUT_FILE_0}\"\n";
			showEnvVarsInLog = 0;
		};
		367DE99013B78A5CF015E6CE /* [CP] Embed Pods Frameworks */ = {
			isa = PBXShellScriptBuildPhase;
			buildActionMask = 2147483647;
			files = (
			);
			inputFileListPaths = (
			);
			inputPaths = (
				"${PODS_ROOT}/Target Support Files/Pods-MercadoLibreTest/Pods-MercadoLibreTest-frameworks.sh",
				"${BUILT_PRODUCTS_DIR}/SDWebImage/SDWebImage.framework",
			);
			name = "[CP] Embed Pods Frameworks";
			outputFileListPaths = (
			);
			outputPaths = (
				"${TARGET_BUILD_DIR}/${FRAMEWORKS_FOLDER_PATH}/SDWebImage.framework",
			);
			runOnlyForDeploymentPostprocessing = 0;
			shellPath = /bin/sh;
			shellScript = "\"${PODS_ROOT}/Target Support Files/Pods-MercadoLibreTest/Pods-MercadoLibreTest-frameworks.sh\"\n";
			showEnvVarsInLog = 0;
		};
		4C97FFD8220F84880044DDD2 /* ShellScript */ = {
			isa = PBXShellScriptBuildPhase;
			buildActionMask = 2147483647;
			files = (
			);
			inputFileListPaths = (
			);
			inputPaths = (
			);
			outputFileListPaths = (
			);
			outputPaths = (
			);
			runOnlyForDeploymentPostprocessing = 0;
			shellPath = /bin/sh;
			shellScript = "# Type a script or drag a script file from your workspace to insert its path.\nif which swiftlint >/dev/null; then\nswiftlint\nelse\necho \"warning: SwiftLint not installed, download from https://github.com/realm/SwiftLint\"\nfi\n";
		};
/* End PBXShellScriptBuildPhase section */

/* Begin PBXSourcesBuildPhase section */
		4C97FF85220F77F50044DDD2 /* Sources */ = {
			isa = PBXSourcesBuildPhase;
			buildActionMask = 2147483647;
			files = (
				4C31B1B3220FA84C00D58FE3 /* URLSessionProtocol.swift in Sources */,
				4C31B2092210867100D58FE3 /* DetailPaymentMethodItem.swift in Sources */,
				4C31B1BC220FA8F000D58FE3 /* URLRequestExtensions.swift in Sources */,
				4C31B1AC220FA7DB00D58FE3 /* APIEndpoints.swift in Sources */,
				4C31B2022210840C00D58FE3 /* DetailPaymentViewController.swift in Sources */,
				4C97FFD6220F820B0044DDD2 /* Payment.swift in Sources */,
				4C31B19F220F94DF00D58FE3 /* SetPaymentCardViewController.swift in Sources */,
				4C31B19A220F8F0D00D58FE3 /* LoaderButton.swift in Sources */,
				4C31B20B2210868000D58FE3 /* DetailBankItem.swift in Sources */,
				4C97FFBA220F7BE20044DDD2 /* StringExtensions.swift in Sources */,
				4C31B2072210865B00D58FE3 /* DetailGeneralItem.swift in Sources */,
				4C31B1BA220FA8D100D58FE3 /* URLComponentsExtensions.swift in Sources */,
				4C31B1B1220FA83800D58FE3 /* ProviderProtocol.swift in Sources */,
				4C31B1D5220FC2B000D58FE3 /* BankService.swift in Sources */,
				4C31B20F2210892F00D58FE3 /* DetailGeneralTableViewCell.swift in Sources */,
				4C31B1FF2210750700D58FE3 /* NotificationExtensions.swift in Sources */,
				4C31B2042210844800D58FE3 /* DetailPaymentViewModel.swift in Sources */,
				4C97FFD3220F816E0044DDD2 /* EmptyTableView.swift in Sources */,
				4C31B1DB221054A500D58FE3 /* SetInstallmentsViewController.swift in Sources */,
				4C97FF8D220F77F50044DDD2 /* AppDelegate.swift in Sources */,
				4C97FFAF220F7A8C0044DDD2 /* MakePaymentCoordinator.swift in Sources */,
				4C97FFC0220F7E6E0044DDD2 /* PaymentsCoordinator.swift in Sources */,
				4C97FFA5220F79200044DDD2 /* AppCoordinator.swift in Sources */,
				4C31B1F622106DE100D58FE3 /* CDPayment+CoreDataClass.swift in Sources */,
				4C31B1BF220FAA4D00D58FE3 /* PaymentCardService.swift in Sources */,
				4C97FFAC220F7A550044DDD2 /* AmountViewController.swift in Sources */,
				4C97FFCA220F80370044DDD2 /* PaymentTableViewCell.swift in Sources */,
				4C31B1B6220FA87500D58FE3 /* NetworkResponse.swift in Sources */,
				4C97FFCD220F80960044DDD2 /* PaymentCellViewModel.swift in Sources */,
				4C31B1D8220FC2DB00D58FE3 /* BankFilter.swift in Sources */,
				4C31B1A9220FA7BF00D58FE3 /* InternetConnection.swift in Sources */,
				4C31B1ED2210649500D58FE3 /* Alertable.swift in Sources */,
				4C31B1F822106DED00D58FE3 /* CDPayment+CoreDataProperties.swift in Sources */,
				4C97FFBC220F7BF60044DDD2 /* ColorExtensions.swift in Sources */,
				4C31B19C220F90FC00D58FE3 /* UIViewControllerExtensions.swift in Sources */,
				4C31B1EB2210624C00D58FE3 /* PaymentResponse.swift in Sources */,
				4C97FFCF220F81190044DDD2 /* PaymentsViewModel.swift in Sources */,
				4C97FFC7220F800E0044DDD2 /* CellProtocol.swift in Sources */,
				4C31B1D2220FC25600D58FE3 /* Bank.swift in Sources */,
				4C31B1C5220FABA400D58FE3 /* PaymentMethod.swift in Sources */,
				4C31B1C9220FB09000D58FE3 /* DefaultTableViewCell.swift in Sources */,
				4C31B1CD220FBE4800D58FE3 /* SetBankViewController.swift in Sources */,
				4C31B1CF220FBE6D00D58FE3 /* SetBankViewModel.swift in Sources */,
				4C31B1FB22106EEA00D58FE3 /* PaymentRepository.swift in Sources */,
				4C31B1C2220FAA7600D58FE3 /* PaymentCardFilter.swift in Sources */,
				4C31B1B8220FA89000D58FE3 /* URLSessionProvider.swift in Sources */,
				4C97FFA1220F78F40044DDD2 /* Coordinator.swift in Sources */,
				4C31B1AF220FA81800D58FE3 /* ServiceProtocol.swift in Sources */,
				4C31B1A7220FA7A700D58FE3 /* Reachability.m in Sources */,
				4C31B1F022106C9C00D58FE3 /* CoreDataStack.swift in Sources */,
				4C97FFC2220F7E820044DDD2 /* PaymentsViewController.swift in Sources */,
				4C31B1DD221055DA00D58FE3 /* SetInstallmentsViewModel.swift in Sources */,
				4C31B1A1220F956000D58FE3 /* SetPaymentCardViewModel.swift in Sources */,
				4C31B1F322106CDB00D58FE3 /* MercadoLibreTest.xcdatamodeld in Sources */,
				4C97FFA9220F79700044DDD2 /* ViewModel.swift in Sources */,
				4C31B1FD22106F7400D58FE3 /* CDPaymentRepository.swift in Sources */,
				4C97FFDA220F89C10044DDD2 /* AmountViewModel.swift in Sources */,
				4C31B1E8221060BA00D58FE3 /* InstallmentsService.swift in Sources */,
				4C97FFA3220F79070044DDD2 /* RootViewCoordinator.swift in Sources */,
				4C31B1E62210602E00D58FE3 /* InstallmentsFilter.swift in Sources */,
			);
			runOnlyForDeploymentPostprocessing = 0;
		};
/* End PBXSourcesBuildPhase section */

/* Begin PBXVariantGroup section */
		4C97FF95220F77F60044DDD2 /* LaunchScreen.storyboard */ = {
			isa = PBXVariantGroup;
			children = (
				4C97FF96220F77F60044DDD2 /* Base */,
				4C97FFB3220F7B440044DDD2 /* es-419 */,
			);
			name = LaunchScreen.storyboard;
			sourceTree = "<group>";
		};
		4C97FFB6220F7B560044DDD2 /* Localizable.strings */ = {
			isa = PBXVariantGroup;
			children = (
				4C97FFB5220F7B560044DDD2 /* en */,
				4C97FFB7220F7B5A0044DDD2 /* es-419 */,
			);
			name = Localizable.strings;
			sourceTree = "<group>";
		};
/* End PBXVariantGroup section */

/* Begin XCBuildConfiguration section */
		4C97FF99220F77F60044DDD2 /* Debug */ = {
			isa = XCBuildConfiguration;
			buildSettings = {
				ALWAYS_SEARCH_USER_PATHS = NO;
				CLANG_ANALYZER_LOCALIZABILITY_NONLOCALIZED = YES;
				CLANG_ANALYZER_NONNULL = YES;
				CLANG_ANALYZER_NUMBER_OBJECT_CONVERSION = YES_AGGRESSIVE;
				CLANG_CXX_LANGUAGE_STANDARD = "gnu++14";
				CLANG_CXX_LIBRARY = "libc++";
				CLANG_ENABLE_MODULES = YES;
				CLANG_ENABLE_OBJC_ARC = YES;
				CLANG_ENABLE_OBJC_WEAK = YES;
				CLANG_WARN_BLOCK_CAPTURE_AUTORELEASING = YES;
				CLANG_WARN_BOOL_CONVERSION = YES;
				CLANG_WARN_COMMA = YES;
				CLANG_WARN_CONSTANT_CONVERSION = YES;
				CLANG_WARN_DEPRECATED_OBJC_IMPLEMENTATIONS = YES;
				CLANG_WARN_DIRECT_OBJC_ISA_USAGE = YES_ERROR;
				CLANG_WARN_DOCUMENTATION_COMMENTS = YES;
				CLANG_WARN_EMPTY_BODY = YES;
				CLANG_WARN_ENUM_CONVERSION = YES;
				CLANG_WARN_INFINITE_RECURSION = YES;
				CLANG_WARN_INT_CONVERSION = YES;
				CLANG_WARN_NON_LITERAL_NULL_CONVERSION = YES;
				CLANG_WARN_OBJC_IMPLICIT_RETAIN_SELF = YES;
				CLANG_WARN_OBJC_LITERAL_CONVERSION = YES;
				CLANG_WARN_OBJC_ROOT_CLASS = YES_ERROR;
				CLANG_WARN_RANGE_LOOP_ANALYSIS = YES;
				CLANG_WARN_STRICT_PROTOTYPES = YES;
				CLANG_WARN_SUSPICIOUS_MOVE = YES;
				CLANG_WARN_UNGUARDED_AVAILABILITY = YES_AGGRESSIVE;
				CLANG_WARN_UNREACHABLE_CODE = YES;
				CLANG_WARN__DUPLICATE_METHOD_MATCH = YES;
				CODE_SIGN_IDENTITY = "iPhone Developer";
				COPY_PHASE_STRIP = NO;
				DEBUG_INFORMATION_FORMAT = dwarf;
				ENABLE_STRICT_OBJC_MSGSEND = YES;
				ENABLE_TESTABILITY = YES;
				GCC_C_LANGUAGE_STANDARD = gnu11;
				GCC_DYNAMIC_NO_PIC = NO;
				GCC_NO_COMMON_BLOCKS = YES;
				GCC_OPTIMIZATION_LEVEL = 0;
				GCC_PREPROCESSOR_DEFINITIONS = (
					"DEBUG=1",
					"$(inherited)",
				);
				GCC_WARN_64_TO_32_BIT_CONVERSION = YES;
				GCC_WARN_ABOUT_RETURN_TYPE = YES_ERROR;
				GCC_WARN_UNDECLARED_SELECTOR = YES;
				GCC_WARN_UNINITIALIZED_AUTOS = YES_AGGRESSIVE;
				GCC_WARN_UNUSED_FUNCTION = YES;
				GCC_WARN_UNUSED_VARIABLE = YES;
				IPHONEOS_DEPLOYMENT_TARGET = 12.1;
				MTL_ENABLE_DEBUG_INFO = INCLUDE_SOURCE;
				MTL_FAST_MATH = YES;
				ONLY_ACTIVE_ARCH = YES;
				SDKROOT = iphoneos;
				SWIFT_ACTIVE_COMPILATION_CONDITIONS = DEBUG;
				SWIFT_OPTIMIZATION_LEVEL = "-Onone";
			};
			name = Debug;
		};
		4C97FF9A220F77F60044DDD2 /* Release */ = {
			isa = XCBuildConfiguration;
			buildSettings = {
				ALWAYS_SEARCH_USER_PATHS = NO;
				CLANG_ANALYZER_LOCALIZABILITY_NONLOCALIZED = YES;
				CLANG_ANALYZER_NONNULL = YES;
				CLANG_ANALYZER_NUMBER_OBJECT_CONVERSION = YES_AGGRESSIVE;
				CLANG_CXX_LANGUAGE_STANDARD = "gnu++14";
				CLANG_CXX_LIBRARY = "libc++";
				CLANG_ENABLE_MODULES = YES;
				CLANG_ENABLE_OBJC_ARC = YES;
				CLANG_ENABLE_OBJC_WEAK = YES;
				CLANG_WARN_BLOCK_CAPTURE_AUTORELEASING = YES;
				CLANG_WARN_BOOL_CONVERSION = YES;
				CLANG_WARN_COMMA = YES;
				CLANG_WARN_CONSTANT_CONVERSION = YES;
				CLANG_WARN_DEPRECATED_OBJC_IMPLEMENTATIONS = YES;
				CLANG_WARN_DIRECT_OBJC_ISA_USAGE = YES_ERROR;
				CLANG_WARN_DOCUMENTATION_COMMENTS = YES;
				CLANG_WARN_EMPTY_BODY = YES;
				CLANG_WARN_ENUM_CONVERSION = YES;
				CLANG_WARN_INFINITE_RECURSION = YES;
				CLANG_WARN_INT_CONVERSION = YES;
				CLANG_WARN_NON_LITERAL_NULL_CONVERSION = YES;
				CLANG_WARN_OBJC_IMPLICIT_RETAIN_SELF = YES;
				CLANG_WARN_OBJC_LITERAL_CONVERSION = YES;
				CLANG_WARN_OBJC_ROOT_CLASS = YES_ERROR;
				CLANG_WARN_RANGE_LOOP_ANALYSIS = YES;
				CLANG_WARN_STRICT_PROTOTYPES = YES;
				CLANG_WARN_SUSPICIOUS_MOVE = YES;
				CLANG_WARN_UNGUARDED_AVAILABILITY = YES_AGGRESSIVE;
				CLANG_WARN_UNREACHABLE_CODE = YES;
				CLANG_WARN__DUPLICATE_METHOD_MATCH = YES;
				CODE_SIGN_IDENTITY = "iPhone Developer";
				COPY_PHASE_STRIP = NO;
				DEBUG_INFORMATION_FORMAT = "dwarf-with-dsym";
				ENABLE_NS_ASSERTIONS = NO;
				ENABLE_STRICT_OBJC_MSGSEND = YES;
				GCC_C_LANGUAGE_STANDARD = gnu11;
				GCC_NO_COMMON_BLOCKS = YES;
				GCC_WARN_64_TO_32_BIT_CONVERSION = YES;
				GCC_WARN_ABOUT_RETURN_TYPE = YES_ERROR;
				GCC_WARN_UNDECLARED_SELECTOR = YES;
				GCC_WARN_UNINITIALIZED_AUTOS = YES_AGGRESSIVE;
				GCC_WARN_UNUSED_FUNCTION = YES;
				GCC_WARN_UNUSED_VARIABLE = YES;
				IPHONEOS_DEPLOYMENT_TARGET = 12.1;
				MTL_ENABLE_DEBUG_INFO = NO;
				MTL_FAST_MATH = YES;
				SDKROOT = iphoneos;
				SWIFT_COMPILATION_MODE = wholemodule;
				SWIFT_OPTIMIZATION_LEVEL = "-O";
				VALIDATE_PRODUCT = YES;
			};
			name = Release;
		};
		4C97FF9C220F77F60044DDD2 /* Debug */ = {
			isa = XCBuildConfiguration;
			baseConfigurationReference = 6A119B8B59A1F62B4EB4B1C7 /* Pods-MercadoLibreTest.debug.xcconfig */;
			buildSettings = {
				ASSETCATALOG_COMPILER_APPICON_NAME = AppIcon;
				BASE_URL = "https://api.mercadopago.com/v1/";
				CLANG_ENABLE_MODULES = YES;
				CODE_SIGN_STYLE = Manual;
				DEVELOPMENT_TEAM = V8B4THN48A;
				INFOPLIST_FILE = MercadoLibreTest/Info.plist;
				IPHONEOS_DEPLOYMENT_TARGET = 10;
				LD_RUNPATH_SEARCH_PATHS = (
					"$(inherited)",
					"@executable_path/Frameworks",
				);
				MERCADO_PAGO_KEY = "TEST-3b338cc9-863d-4bd1-bf1c-41651942f565";
				PRODUCT_BUNDLE_IDENTIFIER = com.ronteq.MercadoLibreTest;
				PRODUCT_NAME = "$(TARGET_NAME)";
				PROVISIONING_PROFILE_SPECIFIER = "Development Profile Wildcard";
				SWIFT_OBJC_BRIDGING_HEADER = "MercadoLibreTest/Networking/Reachability/MercadoLibreTest-Bridging-Header.h";
				SWIFT_OPTIMIZATION_LEVEL = "-Onone";
				SWIFT_VERSION = 4.2;
				TARGETED_DEVICE_FAMILY = 1;
			};
			name = Debug;
		};
		4C97FF9D220F77F60044DDD2 /* Release */ = {
			isa = XCBuildConfiguration;
			baseConfigurationReference = FA31B41BAFEDCD6CB44453FC /* Pods-MercadoLibreTest.release.xcconfig */;
			buildSettings = {
				ASSETCATALOG_COMPILER_APPICON_NAME = AppIcon;
				BASE_URL = "https://api.mercadopago.com/v1/";
				CLANG_ENABLE_MODULES = YES;
				CODE_SIGN_STYLE = Manual;
				DEVELOPMENT_TEAM = "";
				INFOPLIST_FILE = MercadoLibreTest/Info.plist;
				IPHONEOS_DEPLOYMENT_TARGET = 10;
				LD_RUNPATH_SEARCH_PATHS = (
					"$(inherited)",
					"@executable_path/Frameworks",
				);
				MERCADO_PAGO_KEY = "TEST-3b338cc9-863d-4bd1-bf1c-41651942f565";
				PRODUCT_BUNDLE_IDENTIFIER = com.ronteq.MercadoLibreTest;
				PRODUCT_NAME = "$(TARGET_NAME)";
				PROVISIONING_PROFILE_SPECIFIER = "";
				SWIFT_OBJC_BRIDGING_HEADER = "MercadoLibreTest/Networking/Reachability/MercadoLibreTest-Bridging-Header.h";
				SWIFT_VERSION = 4.2;
				TARGETED_DEVICE_FAMILY = 1;
			};
			name = Release;
		};
/* End XCBuildConfiguration section */

/* Begin XCConfigurationList section */
		4C97FF84220F77F40044DDD2 /* Build configuration list for PBXProject "MercadoLibreTest" */ = {
			isa = XCConfigurationList;
			buildConfigurations = (
				4C97FF99220F77F60044DDD2 /* Debug */,
				4C97FF9A220F77F60044DDD2 /* Release */,
			);
			defaultConfigurationIsVisible = 0;
			defaultConfigurationName = Release;
		};
		4C97FF9B220F77F60044DDD2 /* Build configuration list for PBXNativeTarget "MercadoLibreTest" */ = {
			isa = XCConfigurationList;
			buildConfigurations = (
				4C97FF9C220F77F60044DDD2 /* Debug */,
				4C97FF9D220F77F60044DDD2 /* Release */,
			);
			defaultConfigurationIsVisible = 0;
			defaultConfigurationName = Release;
		};
/* End XCConfigurationList section */

/* Begin XCVersionGroup section */
		4C31B1F122106CDB00D58FE3 /* MercadoLibreTest.xcdatamodeld */ = {
			isa = XCVersionGroup;
			children = (
				4C31B1F222106CDB00D58FE3 /* MercadoLibreTest.xcdatamodel */,
			);
			currentVersion = 4C31B1F222106CDB00D58FE3 /* MercadoLibreTest.xcdatamodel */;
			path = MercadoLibreTest.xcdatamodeld;
			sourceTree = "<group>";
			versionGroupType = wrapper.xcdatamodel;
		};
/* End XCVersionGroup section */
	};
	rootObject = 4C97FF81220F77F40044DDD2 /* Project object */;
}
